memos: {
  module: {
    args: {
      command_path: {
        name: "run"
      }
    }
  }
  calls: {
    binding: "resolve"
    results: {
      input: {
        array: {
          values: {
            object: {
              bindings: {
                symbol: "platform"
                value: {
                  object: {
                    bindings: {
                      symbol: "os"
                      value: {
                        string: {
                          value: "linux"
                        }
                      }
                    }
                  }
                }
              }
              bindings: {
                symbol: "repository"
                value: {
                  string: {
                    value: "alpine/git"
                  }
                }
              }
              bindings: {
                symbol: "tag"
                value: {
                  string: {
                    value: "latest"
                  }
                }
              }
            }
          }
        }
      }
      output: {
        thunk: {
          image: {
            ref: {
              platform: {
                os: "linux"
                arch: "amd64"
              }
              repository: "alpine/git"
              tag: "latest"
              digest: "sha256:66b210a97bc07bfd4019826bcd13a488b371a6cbe2630a4b37d23275658bd3f2"
            }
          }
        }
      }
    }
    results: {
      input: {
        array: {
          values: {
            object: {
              bindings: {
                symbol: "platform"
                value: {
                  object: {
                    bindings: {
                      symbol: "os"
                      value: {
                        string: {
                          value: "linux"
                        }
                      }
                    }
                  }
                }
              }
              bindings: {
                symbol: "repository"
                value: {
                  string: {
                    value: "golang"
                  }
                }
              }
              bindings: {
                symbol: "tag"
                value: {
                  string: {
                    value: "latest"
                  }
                }
              }
            }
          }
        }
      }
      output: {
        thunk: {
          image: {
            ref: {
              platform: {
                os: "linux"
                arch: "amd64"
              }
              repository: "golang"
              tag: "latest"
              digest: "sha256:403f48633fb5ebd49f9a2b6ad6719f912df23dae44974a0c9445be331e72ff5e"
            }
          }
        }
      }
    }
  }
}
