memos: {
  module: {
    cmd: {
      command: {
        name: "run"
      }
    }
  }
  calls: {
    binding: "resolve"
    results: {
      input: {
        array: {
          values: {
            object: {
              bindings: {
                symbol: "platform"
                value: {
                  object: {
                    bindings: {
                      symbol: "os"
                      value: {
                        string: {
                          value: "linux"
                        }
                      }
                    }
                  }
                }
              }
              bindings: {
                symbol: "repository"
                value: {
                  string: {
                    value: "alpine/git"
                  }
                }
              }
              bindings: {
                symbol: "tag"
                value: {
                  string: {
                    value: "latest"
                  }
                }
              }
            }
          }
        }
      }
      output: {
        object: {
          bindings: {
            symbol: "platform"
            value: {
              object: {
                bindings: {
                  symbol: "os"
                  value: {
                    string: {
                      value: "linux"
                    }
                  }
                }
              }
            }
          }
          bindings: {
            symbol: "repository"
            value: {
              string: {
                value: "alpine/git"
              }
            }
          }
          bindings: {
            symbol: "tag"
            value: {
              string: {
                value: "latest"
              }
            }
          }
          bindings: {
            symbol: "digest"
            value: {
              string: {
                value: "sha256:23dcd3edfd1d9c7cbb14f7823d07a4934716cfa4d4dbc402d37ee011c440a685"
              }
            }
          }
        }
      }
    }
    results: {
      input: {
        array: {
          values: {
            object: {
              bindings: {
                symbol: "platform"
                value: {
                  object: {
                    bindings: {
                      symbol: "os"
                      value: {
                        string: {
                          value: "linux"
                        }
                      }
                    }
                  }
                }
              }
              bindings: {
                symbol: "repository"
                value: {
                  string: {
                    value: "golang"
                  }
                }
              }
              bindings: {
                symbol: "tag"
                value: {
                  string: {
                    value: "latest"
                  }
                }
              }
            }
          }
        }
      }
      output: {
        object: {
          bindings: {
            symbol: "platform"
            value: {
              object: {
                bindings: {
                  symbol: "os"
                  value: {
                    string: {
                      value: "linux"
                    }
                  }
                }
              }
            }
          }
          bindings: {
            symbol: "repository"
            value: {
              string: {
                value: "golang"
              }
            }
          }
          bindings: {
            symbol: "tag"
            value: {
              string: {
                value: "latest"
              }
            }
          }
          bindings: {
            symbol: "digest"
            value: {
              string: {
                value: "sha256:a452d6273ad03a47c2f29b898d6bb57630e77baf839651ef77d03e4e049c5bf3"
              }
            }
          }
        }
      }
    }
  }
}
