github.com/99designs/gqlgen v0.17.31 h1:VncSQ82VxieHkea8tz11p7h/zSbvHSxSDZfywqWt158=
github.com/99designs/gqlgen v0.17.31/go.mod h1:i4rEatMrzzu6RXaHydq1nmEPZkb3bKQsnxNRHS4DQB4=
github.com/Khan/genqlient v0.6.0 h1:Bwb1170ekuNIVIwTJEqvO8y7RxBxXu639VJOkKSrwAk=
github.com/Khan/genqlient v0.6.0/go.mod h1:rvChwWVTqXhiapdhLDV4bp9tz/Xvtewwkon4DpWWCRM=
github.com/andreyvit/diff v0.0.0-20170406064948-c7f18ee00883 h1:bvNMNQO63//z+xNgfBlViaCIJKLlCJ6/fmUseuG0wVQ=
github.com/davecgh/go-spew v1.1.1 h1:vj9j/u1bqnvCEfJOwUhtlOARqs3+rkHYY13jYWTU97c=
github.com/iancoleman/strcase v0.3.0 h1:nTXanmYxhfFAMjZL34Ov6gkzEsSJZ5DbhxWjvSASxEI=
github.com/iancoleman/strcase v0.3.0/go.mod h1:iwCmte+B7n89clKwxIoIXy/HfoL7AsD47ZCWhYzw7ho=
github.com/pmezard/go-difflib v1.0.0 h1:4DBwDE0NGyQoBHbLQYPwSUPoCMWR5BEzIk/f1lZbAQM=
github.com/sergi/go-diff v1.3.1 h1:xkr+Oxo4BOQKmkn/B9eMK0g5Kg/983T9DqqPHwYqD+8=
github.com/stretchr/testify v1.9.0 h1:HtqpIVDClZ4nwg75+f6Lvsy/wHu+3BoSGCbBAcpTsTg=
github.com/vektah/gqlparser/v2 v2.5.14 h1:dzLq75BJe03jjQm6n56PdH1oweB8ana42wj7E4jRy70=
github.com/vektah/gqlparser/v2 v2.5.14/go.mod h1:WQQjFc+I1YIzoPvZBhUQX7waZgg3pMLi0r8KymvAE2w=
github.com/vito/dagger/sdk/go v0.0.0-20230827015344-eb8dc6ffbff9 h1:XbgJwrNX2vJE5QDkfoeBbMPf54TFywY4DGaZPPFhg0c=
github.com/vito/dagger/sdk/go v0.0.0-20230827015344-eb8dc6ffbff9/go.mod h1:3OYDaif9MH2ajxX+oLp8oeRLDEfz2pIjpqis/j4GkuY=
golang.org/x/sync v0.3.0 h1:ftCYgMx6zT/asHUrPw8BLLscYtGznsLAnjq5RH9P66E=
golang.org/x/sync v0.3.0/go.mod h1:FU7BRWz2tNW+3quACPkgCx/L+uEAv1htQ0V83Z9Rj+Y=
gopkg.in/yaml.v3 v3.0.1 h1:fxVm/GzAzEWqLHuvctI91KS9hhNmmWOoWu0XTYJS7CA=
